{
  "version": "5",
  "specifiers": {
    "jsr:@maks11060/openapi@^0.0.5": "0.0.5",
    "jsr:@std/cli@*": "1.0.19",
    "jsr:@std/cli@^1.0.19": "1.0.19",
    "jsr:@std/dotenv@*": "0.225.3",
    "jsr:@std/encoding@*": "1.0.6",
    "jsr:@std/fmt@*": "1.0.5",
    "jsr:@std/fs@*": "1.0.18",
    "jsr:@std/fs@^1.0.18": "1.0.18",
    "jsr:@std/path@*": "1.1.0",
    "jsr:@std/path@^1.1.0": "1.1.0",
    "jsr:@std/semver@*": "1.0.5",
    "jsr:@std/yaml@*": "1.0.5",
    "jsr:@std/yaml@^1.0.5": "1.0.7",
    "jsr:@std/yaml@^1.0.7": "1.0.7",
    "npm:@hono/swagger-ui@*": "0.4.1_hono@4.6.14",
    "npm:@standard-schema/spec@*": "1.0.0",
    "npm:@standard-schema/spec@1": "1.0.0",
    "npm:@valibot/to-json-schema@1.2.0": "1.2.0_valibot@1.1.0",
    "npm:arktype@2.1.20": "2.1.20",
    "npm:hono@*": "4.6.14",
    "npm:openapi-fetch@*": "0.13.3",
    "npm:openapi-typescript@*": "7.8.0_typescript@5.8.3",
    "npm:openapi-typescript@^7.8.0": "7.8.0_typescript@5.8.3",
    "npm:valibot@1.1.0": "1.1.0",
    "npm:zod@^3.25.45": "3.25.46",
    "npm:zod@^3.25.46": "3.25.46",
    "npm:zod@^3.25.55": "3.25.55"
  },
  "jsr": {
    "@maks11060/openapi@0.0.5": {
      "integrity": "3d18613124ef50a5c8e93aefc6670071329b0d7f10a8cfffb4dd5749a69ad9be",
      "dependencies": [
        "jsr:@std/yaml@^1.0.5",
        "npm:@valibot/to-json-schema",
        "npm:arktype",
        "npm:valibot",
        "npm:zod@^3.25.45"
      ]
    },
    "@std/cli@1.0.19": {
      "integrity": "b3601a54891f89f3f738023af11960c4e6f7a45dc76cde39a6861124cba79e88"
    },
    "@std/dotenv@0.225.3": {
      "integrity": "a95e5b812c27b0854c52acbae215856d9cce9d4bbf774d938c51d212711e8d4a"
    },
    "@std/encoding@1.0.6": {
      "integrity": "ca87122c196e8831737d9547acf001766618e78cd8c33920776c7f5885546069"
    },
    "@std/fmt@1.0.5": {
      "integrity": "0cfab43364bc36650d83c425cd6d99910fc20c4576631149f0f987eddede1a4d"
    },
    "@std/fs@1.0.18": {
      "integrity": "24bcad99eab1af4fde75e05da6e9ed0e0dce5edb71b7e34baacf86ffe3969f3a",
      "dependencies": [
        "jsr:@std/path@^1.1.0"
      ]
    },
    "@std/path@1.1.0": {
      "integrity": "ddc94f8e3c275627281cbc23341df6b8bcc874d70374f75fec2533521e3d6886"
    },
    "@std/semver@1.0.5": {
      "integrity": "529f79e83705714c105ad0ba55bec0f9da0f24d2f726b6cc1c15e505cc2c0624"
    },
    "@std/yaml@1.0.5": {
      "integrity": "71ba3d334305ee2149391931508b2c293a8490f94a337eef3a09cade1a2a2742"
    },
    "@std/yaml@1.0.7": {
      "integrity": "b4b9f6a625a6827ca2b75a3d240558b5ffd8b9a29945ec7614871be7b711a10a"
    }
  },
  "npm": {
    "@ark/schema@0.46.0": {
      "integrity": "sha512-c2UQdKgP2eqqDArfBqQIJppxJHvNNXuQPeuSPlDML4rjw+f1cu0qAlzOG4b8ujgm9ctIDWwhpyw6gjG5ledIVQ==",
      "dependencies": [
        "@ark/util"
      ]
    },
    "@ark/util@0.46.0": {
      "integrity": "sha512-JPy/NGWn/lvf1WmGCPw2VGpBg5utZraE84I7wli18EDF3p3zc/e9WolT35tINeZO3l7C77SjqRJeAUoT0CvMRg=="
    },
    "@babel/code-frame@7.27.1": {
      "integrity": "sha512-cjQ7ZlQ0Mv3b47hABuTevyTuYN4i+loJKGeV9flcCgIK37cCXRh+L1bd3iBHlynerhQ7BhCkn2BPbQUL+rGqFg==",
      "dependencies": [
        "@babel/helper-validator-identifier",
        "js-tokens",
        "picocolors"
      ]
    },
    "@babel/helper-validator-identifier@7.27.1": {
      "integrity": "sha512-D2hP9eA+Sqx1kBZgzxZh0y1trbuU+JoDkiEwqhQ36nodYqJwyEIhPSdMNd7lOm/4io72luTPWH20Yda0xOuUow=="
    },
    "@hono/swagger-ui@0.4.1_hono@4.6.14": {
      "integrity": "sha512-kPaJatHffeYQ3yVkHo878hCqwfapqx54FczJVJ+eRWt8J4biyVVMIdCAJb6MyA8bcnHUoTmUpPc7OJAV1VTg2g==",
      "dependencies": [
        "hono"
      ]
    },
    "@redocly/ajv@8.11.2": {
      "integrity": "sha512-io1JpnwtIcvojV7QKDUSIuMN/ikdOUd1ReEnUnMKGfDVridQZ31J0MmIuqwuRjWDZfmvr+Q0MqCcfHM2gTivOg==",
      "dependencies": [
        "fast-deep-equal",
        "json-schema-traverse",
        "require-from-string",
        "uri-js-replace"
      ]
    },
    "@redocly/config@0.22.2": {
      "integrity": "sha512-roRDai8/zr2S9YfmzUfNhKjOF0NdcOIqF7bhf4MVC5UxpjIysDjyudvlAiVbpPHp3eDRWbdzUgtkK1a7YiDNyQ=="
    },
    "@redocly/openapi-core@1.34.3": {
      "integrity": "sha512-3arRdUp1fNx55itnjKiUhO6t4Mf91TsrTIYINDNLAZPS0TPd5YpiXRctwjel0qqWoOOhjA34cZ3m4dksLDFUYg==",
      "dependencies": [
        "@redocly/ajv",
        "@redocly/config",
        "colorette",
        "https-proxy-agent",
        "js-levenshtein",
        "js-yaml",
        "minimatch",
        "pluralize",
        "yaml-ast-parser"
      ]
    },
    "@standard-schema/spec@1.0.0": {
      "integrity": "sha512-m2bOd0f2RT9k8QJx1JN85cZYyH1RqFBdlwtkSlf4tBDYLCiiZnv1fIIwacK6cqwXavOydf0NPToMQgpKq+dVlA=="
    },
    "@valibot/to-json-schema@1.2.0_valibot@1.1.0": {
      "integrity": "sha512-vNPg/esuEAUFaJoyNdnKLEIIRL0LndRyFD3eJR2itwLGr3hH3X8q17Yo84dkyDfZBR8WetHto/5K2OYlyQUUYQ==",
      "dependencies": [
        "valibot"
      ]
    },
    "agent-base@7.1.3": {
      "integrity": "sha512-jRR5wdylq8CkOe6hei19GGZnxM6rBGwFl3Bg0YItGDimvjGtAvdZk4Pu6Cl4u4Igsws4a1fd1Vq3ezrhn4KmFw=="
    },
    "ansi-colors@4.1.3": {
      "integrity": "sha512-/6w/C21Pm1A7aZitlI5Ni/2J6FFQN8i1Cvz3kHABAAbw93v/NlvKdVOqz7CCWz/3iv/JplRSEEZ83XION15ovw=="
    },
    "argparse@2.0.1": {
      "integrity": "sha512-8+9WqebbFzpX9OR+Wa6O29asIogeRMzcGtAINdpMHHyAg10f05aSFVBbcEqGf/PXw1EjAZ+q2/bEBg3DvurK3Q=="
    },
    "arktype@2.1.20": {
      "integrity": "sha512-IZCEEXaJ8g+Ijd59WtSYwtjnqXiwM8sWQ5EjGamcto7+HVN9eK0C4p0zDlCuAwWhpqr6fIBkxPuYDl4/Mcj/+Q==",
      "dependencies": [
        "@ark/schema",
        "@ark/util"
      ]
    },
    "balanced-match@1.0.2": {
      "integrity": "sha512-3oSeUO0TMV67hN1AmbXsK4yaqU7tjiHlbxRDZOpH0KW9+CeX4bRAaX0Anxt0tx2MrpRpWwQaPwIlISEJhYU5Pw=="
    },
    "brace-expansion@2.0.1": {
      "integrity": "sha512-XnAIvQ8eM+kC6aULx6wuQiwVsnzsi9d3WxzV3FpWTGA19F621kwdbsAcFKXgKUHZWsy+mY6iL1sHTxWEFCytDA==",
      "dependencies": [
        "balanced-match"
      ]
    },
    "change-case@5.4.4": {
      "integrity": "sha512-HRQyTk2/YPEkt9TnUPbOpr64Uw3KOicFWPVBb+xiHvd6eBx/qPr9xqfBFDT8P2vWsvvz4jbEkfDe71W3VyNu2w=="
    },
    "colorette@1.4.0": {
      "integrity": "sha512-Y2oEozpomLn7Q3HFP7dpww7AtMJplbM9lGZP6RDfHqmbeRjiwRg4n6VM6j4KLmRke85uWEI7JqF17f3pqdRA0g=="
    },
    "debug@4.4.1": {
      "integrity": "sha512-KcKCqiftBJcZr++7ykoDIEwSa3XWowTfNPo92BYxjXiyYEVrUQh2aLyhxBCwww+heortUFxEJYcRzosstTEBYQ==",
      "dependencies": [
        "ms"
      ]
    },
    "fast-deep-equal@3.1.3": {
      "integrity": "sha512-f3qQ9oQy9j2AhBe/H9VC91wLmKBCCU/gDOnKNAYG5hswO7BLKj09Hc5HYNz9cGI++xlpDCIgDaitVs03ATR84Q=="
    },
    "hono@4.6.14": {
      "integrity": "sha512-j4VkyUp2xazGJ8eCCLN1Vm/bxdvm/j5ZuU9AIjLu9vapn2M44p9L3Ktr9Vnb2RN2QtcR/wVjZVMlT5k7GJQgPw=="
    },
    "https-proxy-agent@7.0.6": {
      "integrity": "sha512-vK9P5/iUfdl95AI+JVyUuIcVtd4ofvtrOr3HNtM2yxC9bnMbEdp3x01OhQNnjb8IJYi38VlTE3mBXwcfvywuSw==",
      "dependencies": [
        "agent-base",
        "debug"
      ]
    },
    "index-to-position@1.1.0": {
      "integrity": "sha512-XPdx9Dq4t9Qk1mTMbWONJqU7boCoumEH7fRET37HX5+khDUl3J2W6PdALxhILYlIYx2amlwYcRPp28p0tSiojg=="
    },
    "js-levenshtein@1.1.6": {
      "integrity": "sha512-X2BB11YZtrRqY4EnQcLX5Rh373zbK4alC1FW7D7MBhL2gtcC17cTnr6DmfHZeS0s2rTHjUTMMHfG7gO8SSdw+g=="
    },
    "js-tokens@4.0.0": {
      "integrity": "sha512-RdJUflcE3cUzKiMqQgsCu06FPu9UdIJO0beYbPhHN4k6apgJtifcoCtT9bcxOpYBtpD2kCM6Sbzg4CausW/PKQ=="
    },
    "js-yaml@4.1.0": {
      "integrity": "sha512-wpxZs9NoxZaJESJGIZTyDEaYpl0FKSA+FB9aJiyemKhMwkxQg63h4T1KJgUGHpTqPDNRcmmYLugrRjJlBtWvRA==",
      "dependencies": [
        "argparse"
      ],
      "bin": true
    },
    "json-schema-traverse@1.0.0": {
      "integrity": "sha512-NM8/P9n3XjXhIZn1lLhkFaACTOURQXjWhV4BA/RnOv8xvgqtqpAX9IO4mRQxSx1Rlo4tqzeqb0sOlruaOy3dug=="
    },
    "minimatch@5.1.6": {
      "integrity": "sha512-lKwV/1brpG6mBUFHtb7NUmtABCb2WZZmm2wNiOA5hAb8VdCS4B3dtMWyvcoViccwAW/COERjXLt0zP1zXUN26g==",
      "dependencies": [
        "brace-expansion"
      ]
    },
    "ms@2.1.3": {
      "integrity": "sha512-6FlzubTLZG3J2a/NVCAleEhjzq5oxgHyaCU9yYXvcLsvoVaHJq/s5xXI6/XXP6tz7R9xAOtHnSO/tXtF3WRTlA=="
    },
    "openapi-fetch@0.13.3": {
      "integrity": "sha512-M1THnPkNOXUPsQKZfqunhW/wqH8l3/W3Vlj4lemQynf4mTaTwBTvL2pgjBe0zerL/GFT5ttCHu9fYvanUI3tOw==",
      "dependencies": [
        "openapi-typescript-helpers"
      ]
    },
    "openapi-typescript-helpers@0.0.15": {
      "integrity": "sha512-opyTPaunsklCBpTK8JGef6mfPhLSnyy5a0IN9vKtx3+4aExf+KxEqYwIy3hqkedXIB97u357uLMJsOnm3GVjsw=="
    },
    "openapi-typescript@7.8.0_typescript@5.8.3": {
      "integrity": "sha512-1EeVWmDzi16A+siQlo/SwSGIT7HwaFAVjvMA7/jG5HMLSnrUOzPL7uSTRZZa4v/LCRxHTApHKtNY6glApEoiUQ==",
      "dependencies": [
        "@redocly/openapi-core",
        "ansi-colors",
        "change-case",
        "parse-json",
        "supports-color",
        "typescript",
        "yargs-parser"
      ],
      "bin": true
    },
    "parse-json@8.3.0": {
      "integrity": "sha512-ybiGyvspI+fAoRQbIPRddCcSTV9/LsJbf0e/S85VLowVGzRmokfneg2kwVW/KU5rOXrPSbF1qAKPMgNTqqROQQ==",
      "dependencies": [
        "@babel/code-frame",
        "index-to-position",
        "type-fest"
      ]
    },
    "picocolors@1.1.1": {
      "integrity": "sha512-xceH2snhtb5M9liqDsmEw56le376mTZkEX/jEb/RxNFyegNul7eNslCXP9FDj/Lcu0X8KEyMceP2ntpaHrDEVA=="
    },
    "pluralize@8.0.0": {
      "integrity": "sha512-Nc3IT5yHzflTfbjgqWcCPpo7DaKy4FnpB0l/zCAW0Tc7jxAiuqSxHasntB3D7887LSrA93kDJ9IXovxJYxyLCA=="
    },
    "require-from-string@2.0.2": {
      "integrity": "sha512-Xf0nWe6RseziFMu+Ap9biiUbmplq6S9/p+7w7YXP/JBHhrUDDUhwa+vANyubuqfZWTveU//DYVGsDG7RKL/vEw=="
    },
    "supports-color@10.0.0": {
      "integrity": "sha512-HRVVSbCCMbj7/kdWF9Q+bbckjBHLtHMEoJWlkmYzzdwhYMkjkOwubLM6t7NbWKjgKamGDrWL1++KrjUO1t9oAQ=="
    },
    "type-fest@4.41.0": {
      "integrity": "sha512-TeTSQ6H5YHvpqVwBRcnLDCBnDOHWYu7IvGbHT6N8AOymcr9PJGjc1GTtiWZTYg0NCgYwvnYWEkVChQAr9bjfwA=="
    },
    "typescript@5.8.3": {
      "integrity": "sha512-p1diW6TqL9L07nNxvRMM7hMMw4c5XOo/1ibL4aAIGmSAt9slTE1Xgw5KWuof2uTOvCg9BY7ZRi+GaF+7sfgPeQ==",
      "bin": true
    },
    "uri-js-replace@1.0.1": {
      "integrity": "sha512-W+C9NWNLFOoBI2QWDp4UT9pv65r2w5Cx+3sTYFvtMdDBxkKt1syCqsUdSFAChbEe1uK5TfS04wt/nGwmaeIQ0g=="
    },
    "valibot@1.1.0": {
      "integrity": "sha512-Nk8lX30Qhu+9txPYTwM0cFlWLdPFsFr6LblzqIySfbZph9+BFsAHsNvHOymEviUepeIW6KFHzpX8TKhbptBXXw=="
    },
    "yaml-ast-parser@0.0.43": {
      "integrity": "sha512-2PTINUwsRqSd+s8XxKaJWQlUuEMHJQyEuh2edBbW8KNJz0SJPwUSD2zRWqezFEdN7IzAgeuYHFUCF7o8zRdZ0A=="
    },
    "yargs-parser@21.1.1": {
      "integrity": "sha512-tVpsJW7DdjecAiFpbIB1e3qxIQsE6NoPc5/eTdrbbIC4h0LVsWhnoa3g+m2HclBIujHzsxZ4VJVA+GUuc2/LBw=="
    },
    "zod@3.25.46": {
      "integrity": "sha512-IqRxcHEIjqLd4LNS/zKffB3Jzg3NwqJxQQ0Ns7pdrvgGkwQsEBdEQcOHaBVqvvZArShRzI39+aMST3FBGmTrLQ=="
    },
    "zod@3.25.55": {
      "integrity": "sha512-219huNnkSLQnLsQ3uaRjXsxMrVm5C9W3OOpEVt2k5tvMKuA8nBSu38e0B//a+he9Iq2dvmk2VyYVlHqiHa4YBA=="
    }
  },
  "remote": {
    "https://raw.githubusercontent.com/MAKS11060/deno-libs/main/openapi/_deps.ts": "17bd7ea21f731e9427a2066813a21851401853b6b4c71589c4f47d830da73aff",
    "https://raw.githubusercontent.com/MAKS11060/deno-libs/main/openapi/_utils.ts": "6acd69664680156f35aad0421c1cfed3f9e61be412b8f48e09d445b81032c5cd",
    "https://raw.githubusercontent.com/MAKS11060/deno-libs/main/openapi/mod.ts": "ecca74bd60db35712b7d73708095aee7d2716826fd4b24f9dc7d4d3e57408933",
    "https://raw.githubusercontent.com/MAKS11060/deno-libs/main/openapi/openapi-schema.ts": "f29202c630986000baff1a4bf034aaedd0306fc2a72011706bc765164b6079f9",
    "https://raw.githubusercontent.com/MAKS11060/deno-libs/main/openapi/types/openapi-schema.ts": "f570955ea2bfa05d8576fc46c413b23a1ef3e5e22cc8f35dad9ed4f3ab4e77f0",
    "https://raw.githubusercontent.com/MAKS11060/deno-libs/main/openapi/types/openapi.ts": "fa23bcdcc2cf05ac155e0a07657bc3af783b26dab4af7819ea16107554159294",
    "https://raw.githubusercontent.com/denosaurs/typefetch/main/types/brand.ts": "75862d498b99497247013ddeef77e3188813d6962e782891e2a9798694c818de",
    "https://raw.githubusercontent.com/denosaurs/typefetch/main/types/headers.ts": "87584607ad21b2bd9c75980d4b3ec668e06e5b98cbce23d16955707ded0325a0",
    "https://raw.githubusercontent.com/denosaurs/typefetch/main/types/json.ts": "bfd917e4746499a545a6fc3b9aa4b7b6e2df65bcd3aeaff9e781a4ad28138920",
    "https://raw.githubusercontent.com/denosaurs/typefetch/main/types/url_search_params.ts": "b3b889f077af40eeb76cf542328999d7e9f65824a7919293b7cece16c2edc288",
    "https://raw.githubusercontent.com/denosaurs/typefetch/main/types/url_search_params_string.ts": "2f6e2a67b4e67e6b1a80f0cc84981a44d560e89aff847299d86250abe75bf278",
    "https://raw.githubusercontent.com/denosaurs/typefetch/main/types/utils.ts": "0d11f8f409601223ba45971fad9a718c3c72280c2c3049d2fd5356914c62e625"
  },
  "workspace": {
    "dependencies": [
      "jsr:@maks11060/openapi@^0.0.5",
      "jsr:@std/cli@^1.0.19",
      "jsr:@std/fs@^1.0.18",
      "jsr:@std/yaml@^1.0.7",
      "npm:openapi-typescript@^7.8.0",
      "npm:zod@^3.25.55"
    ]
  }
}
